
Microsoft Visual Studio Solution File, Format Version 12.00
# Visual Studio Version 16
VisualStudioVersion = 16.0.31129.286
MinimumVisualStudioVersion = 10.0.40219.1
Project("{FAE04EC0-301F-11D3-BF4B-00C04F79EFBC}") = "latihan-collab", "latihan-collab\latihan-collab.csproj", "{B99E9409-2D7B-45AE-BCFD-100AD5EFA31C}"
EndProject
Global
	GlobalSection(SolutionConfigurationPlatforms) = preSolution
		Debug|Any CPU = Debug|Any CPU
		Release|Any CPU = Release|Any CPU
	EndGlobalSection
	GlobalSection(ProjectConfigurationPlatforms) = postSolution
		{B99E9409-2D7B-45AE-BCFD-100AD5EFA31C}.Debug|Any CPU.ActiveCfg = Debug|Any CPU
		{B99E9409-2D7B-45AE-BCFD-100AD5EFA31C}.Debug|Any CPU.Build.0 = Debug|Any CPU
		{B99E9409-2D7B-45AE-BCFD-100AD5EFA31C}.Release|Any CPU.ActiveCfg = Release|Any CPU
		{B99E9409-2D7B-45AE-BCFD-100AD5EFA31C}.Release|Any CPU.Build.0 = Release|Any CPU
	EndGlobalSection
	GlobalSection(SolutionProperties) = preSolution
		HideSolutionNode = FALSE
	EndGlobalSection
	GlobalSection(ExtensibilityGlobals) = postSolution
		SolutionGuid = {E0F99613-645A-4E66-A355-7CB50287B8FD}
	EndGlobalSection
EndGlobal
